
Microsoft Visual Studio Solution File, Format Version 12.00
# Visual Studio Version 17
VisualStudioVersion = 17.13.35931.197 d17.13
MinimumVisualStudioVersion = 10.0.40219.1
Project("{FAE04EC0-301F-11D3-BF4B-00C04F79EFBC}") = "mcqTestBackend", "mcqTestBackend\mcqTestBackend.csproj", "{E492B04F-8757-417E-9607-EF05027553C6}"
EndProject
Global
	GlobalSection(SolutionConfigurationPlatforms) = preSolution
		Debug|Any CPU = Debug|Any CPU
		Release|Any CPU = Release|Any CPU
	EndGlobalSection
	GlobalSection(ProjectConfigurationPlatforms) = postSolution
		{E492B04F-8757-417E-9607-EF05027553C6}.Debug|Any CPU.ActiveCfg = Debug|Any CPU
		{E492B04F-8757-417E-9607-EF05027553C6}.Debug|Any CPU.Build.0 = Debug|Any CPU
		{E492B04F-8757-417E-9607-EF05027553C6}.Release|Any CPU.ActiveCfg = Release|Any CPU
		{E492B04F-8757-417E-9607-EF05027553C6}.Release|Any CPU.Build.0 = Release|Any CPU
	EndGlobalSection
	GlobalSection(SolutionProperties) = preSolution
		HideSolutionNode = FALSE
	EndGlobalSection
	GlobalSection(ExtensibilityGlobals) = postSolution
		SolutionGuid = {C28D1750-A5F2-43C0-B0A0-ACFC4A557DAE}
	EndGlobalSection
EndGlobal
